// !$*UTF8*$!
{
	archiveVersion = 1;
	classes = {
	};
	objectVersion = 56;
	objects = {

/* Begin PBXBuildFile section */
		4A111E8B29F0253B00D424C5 /* UserTasks.swift in Sources */ = {isa = PBXBuildFile; fileRef = 4A111E8A29F0253B00D424C5 /* UserTasks.swift */; };
		4A111E8D29F0291400D424C5 /* ToDoTableViewModel.swift in Sources */ = {isa = PBXBuildFile; fileRef = 4A111E8C29F0291400D424C5 /* ToDoTableViewModel.swift */; };
		4A111E8F29F0354900D424C5 /* CreateToDoViewModel.swift in Sources */ = {isa = PBXBuildFile; fileRef = 4A111E8E29F0354900D424C5 /* CreateToDoViewModel.swift */; };
		4A111E9129F03A1600D424C5 /* EncodableExtension.swift in Sources */ = {isa = PBXBuildFile; fileRef = 4A111E9029F03A1600D424C5 /* EncodableExtension.swift */; };
		4A1294D929F966230006FD10 /* StatusChangeViewModel.swift in Sources */ = {isa = PBXBuildFile; fileRef = 4A1294D829F966230006FD10 /* StatusChangeViewModel.swift */; };
		4A1A475629E8000800F16992 /* ToDoTableViewController.swift in Sources */ = {isa = PBXBuildFile; fileRef = 4A1A475529E8000800F16992 /* ToDoTableViewController.swift */; };
		4A1A475A29EE76AD00F16992 /* ToDoCell.swift in Sources */ = {isa = PBXBuildFile; fileRef = 4A1A475929EE76AD00F16992 /* ToDoCell.swift */; };
		4A1A475C29EE93B100F16992 /* Extensions.swift in Sources */ = {isa = PBXBuildFile; fileRef = 4A1A475B29EE93B100F16992 /* Extensions.swift */; };
		4A1A475E29EEB02800F16992 /* CreateToDoViewController.swift in Sources */ = {isa = PBXBuildFile; fileRef = 4A1A475D29EEB02800F16992 /* CreateToDoViewController.swift */; };
		4A4B23B429DC1EA700939FB1 /* AppDelegate.swift in Sources */ = {isa = PBXBuildFile; fileRef = 4A4B23B329DC1EA700939FB1 /* AppDelegate.swift */; };
		4A4B23B629DC1EA700939FB1 /* SceneDelegate.swift in Sources */ = {isa = PBXBuildFile; fileRef = 4A4B23B529DC1EA700939FB1 /* SceneDelegate.swift */; };
		4A4B23B829DC1EA700939FB1 /* ViewController.swift in Sources */ = {isa = PBXBuildFile; fileRef = 4A4B23B729DC1EA700939FB1 /* ViewController.swift */; };
		4A4B23BB29DC1EA700939FB1 /* Main.storyboard in Resources */ = {isa = PBXBuildFile; fileRef = 4A4B23B929DC1EA700939FB1 /* Main.storyboard */; };
		4A4B23BD29DC1EA800939FB1 /* Assets.xcassets in Resources */ = {isa = PBXBuildFile; fileRef = 4A4B23BC29DC1EA800939FB1 /* Assets.xcassets */; };
		4A4B23C029DC1EA800939FB1 /* LaunchScreen.storyboard in Resources */ = {isa = PBXBuildFile; fileRef = 4A4B23BE29DC1EA800939FB1 /* LaunchScreen.storyboard */; };
		4A4B23C829DC298000939FB1 /* LoginViewController.swift in Sources */ = {isa = PBXBuildFile; fileRef = 4A4B23C729DC298000939FB1 /* LoginViewController.swift */; };
		4A4B23CA29DC2AFB00939FB1 /* CreateAccountViewController.swift in Sources */ = {isa = PBXBuildFile; fileRef = 4A4B23C929DC2AFB00939FB1 /* CreateAccountViewController.swift */; };
		4A4B23CC29DC2CDF00939FB1 /* GoogleService-Info.plist in Resources */ = {isa = PBXBuildFile; fileRef = 4A4B23CB29DC2CDF00939FB1 /* GoogleService-Info.plist */; };
		4AC78BCA2A17959F009D91BD /* background_music.mp3 in Resources */ = {isa = PBXBuildFile; fileRef = 4AC78BC92A17959E009D91BD /* background_music.mp3 */; };
		4ACFEBB129F2B06400852247 /* StatusChangeViewController.swift in Sources */ = {isa = PBXBuildFile; fileRef = 4ACFEBB029F2B06400852247 /* StatusChangeViewController.swift */; };
		75AF848C22088B6063C85263 /* Pods_To_do.framework in Frameworks */ = {isa = PBXBuildFile; fileRef = 0AB26724E9D70B7593EFD739 /* Pods_To_do.framework */; };
/* End PBXBuildFile section */

/* Begin PBXFileReference section */
		0AB26724E9D70B7593EFD739 /* Pods_To_do.framework */ = {isa = PBXFileReference; explicitFileType = wrapper.framework; includeInIndex = 0; path = Pods_To_do.framework; sourceTree = BUILT_PRODUCTS_DIR; };
		4A111E8A29F0253B00D424C5 /* UserTasks.swift */ = {isa = PBXFileReference; lastKnownFileType = sourcecode.swift; path = UserTasks.swift; sourceTree = "<group>"; };
		4A111E8C29F0291400D424C5 /* ToDoTableViewModel.swift */ = {isa = PBXFileReference; lastKnownFileType = sourcecode.swift; path = ToDoTableViewModel.swift; sourceTree = "<group>"; };
		4A111E8E29F0354900D424C5 /* CreateToDoViewModel.swift */ = {isa = PBXFileReference; lastKnownFileType = sourcecode.swift; path = CreateToDoViewModel.swift; sourceTree = "<group>"; };
		4A111E9029F03A1600D424C5 /* EncodableExtension.swift */ = {isa = PBXFileReference; lastKnownFileType = sourcecode.swift; path = EncodableExtension.swift; sourceTree = "<group>"; };
		4A1294D829F966230006FD10 /* StatusChangeViewModel.swift */ = {isa = PBXFileReference; lastKnownFileType = sourcecode.swift; path = StatusChangeViewModel.swift; sourceTree = "<group>"; };
		4A1A475529E8000800F16992 /* ToDoTableViewController.swift */ = {isa = PBXFileReference; lastKnownFileType = sourcecode.swift; path = ToDoTableViewController.swift; sourceTree = "<group>"; };
		4A1A475929EE76AD00F16992 /* ToDoCell.swift */ = {isa = PBXFileReference; lastKnownFileType = sourcecode.swift; path = ToDoCell.swift; sourceTree = "<group>"; };
		4A1A475B29EE93B100F16992 /* Extensions.swift */ = {isa = PBXFileReference; lastKnownFileType = sourcecode.swift; path = Extensions.swift; sourceTree = "<group>"; };
		4A1A475D29EEB02800F16992 /* CreateToDoViewController.swift */ = {isa = PBXFileReference; lastKnownFileType = sourcecode.swift; path = CreateToDoViewController.swift; sourceTree = "<group>"; };
		4A4B23B029DC1EA700939FB1 /* To_do.app */ = {isa = PBXFileReference; explicitFileType = wrapper.application; includeInIndex = 0; path = To_do.app; sourceTree = BUILT_PRODUCTS_DIR; };
		4A4B23B329DC1EA700939FB1 /* AppDelegate.swift */ = {isa = PBXFileReference; lastKnownFileType = sourcecode.swift; path = AppDelegate.swift; sourceTree = "<group>"; };
		4A4B23B529DC1EA700939FB1 /* SceneDelegate.swift */ = {isa = PBXFileReference; lastKnownFileType = sourcecode.swift; path = SceneDelegate.swift; sourceTree = "<group>"; };
		4A4B23B729DC1EA700939FB1 /* ViewController.swift */ = {isa = PBXFileReference; lastKnownFileType = sourcecode.swift; path = ViewController.swift; sourceTree = "<group>"; };
		4A4B23BA29DC1EA700939FB1 /* Base */ = {isa = PBXFileReference; lastKnownFileType = file.storyboard; name = Base; path = Base.lproj/Main.storyboard; sourceTree = "<group>"; };
		4A4B23BC29DC1EA800939FB1 /* Assets.xcassets */ = {isa = PBXFileReference; lastKnownFileType = folder.assetcatalog; path = Assets.xcassets; sourceTree = "<group>"; };
		4A4B23BF29DC1EA800939FB1 /* Base */ = {isa = PBXFileReference; lastKnownFileType = file.storyboard; name = Base; path = Base.lproj/LaunchScreen.storyboard; sourceTree = "<group>"; };
		4A4B23C129DC1EA800939FB1 /* Info.plist */ = {isa = PBXFileReference; lastKnownFileType = text.plist.xml; path = Info.plist; sourceTree = "<group>"; };
		4A4B23C729DC298000939FB1 /* LoginViewController.swift */ = {isa = PBXFileReference; lastKnownFileType = sourcecode.swift; path = LoginViewController.swift; sourceTree = "<group>"; };
		4A4B23C929DC2AFB00939FB1 /* CreateAccountViewController.swift */ = {isa = PBXFileReference; lastKnownFileType = sourcecode.swift; path = CreateAccountViewController.swift; sourceTree = "<group>"; };
		4A4B23CB29DC2CDF00939FB1 /* GoogleService-Info.plist */ = {isa = PBXFileReference; fileEncoding = 4; lastKnownFileType = text.plist.xml; path = "GoogleService-Info.plist"; sourceTree = "<group>"; };
		4AC78BC92A17959E009D91BD /* background_music.mp3 */ = {isa = PBXFileReference; lastKnownFileType = audio.mp3; path = background_music.mp3; sourceTree = "<group>"; };
		4ACFEBB029F2B06400852247 /* StatusChangeViewController.swift */ = {isa = PBXFileReference; lastKnownFileType = sourcecode.swift; path = StatusChangeViewController.swift; sourceTree = "<group>"; };
		98636701319EE67282C19C2D /* Pods-To_do.release.xcconfig */ = {isa = PBXFileReference; includeInIndex = 1; lastKnownFileType = text.xcconfig; name = "Pods-To_do.release.xcconfig"; path = "Target Support Files/Pods-To_do/Pods-To_do.release.xcconfig"; sourceTree = "<group>"; };
		FBD262FC80AE895A094BE4AC /* Pods-To_do.debug.xcconfig */ = {isa = PBXFileReference; includeInIndex = 1; lastKnownFileType = text.xcconfig; name = "Pods-To_do.debug.xcconfig"; path = "Target Support Files/Pods-To_do/Pods-To_do.debug.xcconfig"; sourceTree = "<group>"; };
/* End PBXFileReference section */

/* Begin PBXFrameworksBuildPhase section */
		4A4B23AD29DC1EA700939FB1 /* Frameworks */ = {
			isa = PBXFrameworksBuildPhase;
			buildActionMask = 2147483647;
			files = (
				75AF848C22088B6063C85263 /* Pods_To_do.framework in Frameworks */,
			);
			runOnlyForDeploymentPostprocessing = 0;
		};
/* End PBXFrameworksBuildPhase section */

/* Begin PBXGroup section */
		088F60765FC6EF1B5AF6F19F /* Frameworks */ = {
			isa = PBXGroup;
			children = (
				0AB26724E9D70B7593EFD739 /* Pods_To_do.framework */,
			);
			name = Frameworks;
			sourceTree = "<group>";
		};
		437C9FD39E6327E79BB3833F /* Pods */ = {
			isa = PBXGroup;
			children = (
				FBD262FC80AE895A094BE4AC /* Pods-To_do.debug.xcconfig */,
				98636701319EE67282C19C2D /* Pods-To_do.release.xcconfig */,
			);
			path = Pods;
			sourceTree = "<group>";
		};
		4A4B23A729DC1EA600939FB1 = {
			isa = PBXGroup;
			children = (
				4A4B23B229DC1EA700939FB1 /* To_do */,
				4A4B23B129DC1EA700939FB1 /* Products */,
				437C9FD39E6327E79BB3833F /* Pods */,
				088F60765FC6EF1B5AF6F19F /* Frameworks */,
			);
			sourceTree = "<group>";
		};
		4A4B23B129DC1EA700939FB1 /* Products */ = {
			isa = PBXGroup;
			children = (
				4A4B23B029DC1EA700939FB1 /* To_do.app */,
			);
			name = Products;
			sourceTree = "<group>";
		};
		4A4B23B229DC1EA700939FB1 /* To_do */ = {
			isa = PBXGroup;
			children = (
				4AC78BC92A17959E009D91BD /* background_music.mp3 */,
				4A4B23B329DC1EA700939FB1 /* AppDelegate.swift */,
				4A4B23B529DC1EA700939FB1 /* SceneDelegate.swift */,
				4A4B23B729DC1EA700939FB1 /* ViewController.swift */,
				4A4B23B929DC1EA700939FB1 /* Main.storyboard */,
				4A1A475529E8000800F16992 /* ToDoTableViewController.swift */,
				4A1A475D29EEB02800F16992 /* CreateToDoViewController.swift */,
				4ACFEBB029F2B06400852247 /* StatusChangeViewController.swift */,
				4A4B23C929DC2AFB00939FB1 /* CreateAccountViewController.swift */,
				4A4B23C729DC298000939FB1 /* LoginViewController.swift */,
				4A4B23BC29DC1EA800939FB1 /* Assets.xcassets */,
				4A4B23BE29DC1EA800939FB1 /* LaunchScreen.storyboard */,
				4A4B23C129DC1EA800939FB1 /* Info.plist */,
				4A4B23CB29DC2CDF00939FB1 /* GoogleService-Info.plist */,
				4A1A475929EE76AD00F16992 /* ToDoCell.swift */,
				4A1A475B29EE93B100F16992 /* Extensions.swift */,
				4A111E8A29F0253B00D424C5 /* UserTasks.swift */,
				4A111E8C29F0291400D424C5 /* ToDoTableViewModel.swift */,
				4A111E8E29F0354900D424C5 /* CreateToDoViewModel.swift */,
				4A1294D829F966230006FD10 /* StatusChangeViewModel.swift */,
				4A111E9029F03A1600D424C5 /* EncodableExtension.swift */,
			);
			path = To_do;
			sourceTree = "<group>";
		};
/* End PBXGroup section */

/* Begin PBXNativeTarget section */
		4A4B23AF29DC1EA700939FB1 /* To_do */ = {
			isa = PBXNativeTarget;
			buildConfigurationList = 4A4B23C429DC1EA800939FB1 /* Build configuration list for PBXNativeTarget "To_do" */;
			buildPhases = (
				94723C72BAD029C3FE1D9CFE /* [CP] Check Pods Manifest.lock */,
				4A4B23AC29DC1EA700939FB1 /* Sources */,
				4A4B23AD29DC1EA700939FB1 /* Frameworks */,
				4A4B23AE29DC1EA700939FB1 /* Resources */,
				EC71B5A6A9CD85F4578E1503 /* [CP] Embed Pods Frameworks */,
			);
			buildRules = (
			);
			dependencies = (
			);
			name = To_do;
			productName = To_do;
			productReference = 4A4B23B029DC1EA700939FB1 /* To_do.app */;
			productType = "com.apple.product-type.application";
		};
/* End PBXNativeTarget section */

/* Begin PBXProject section */
		4A4B23A829DC1EA600939FB1 /* Project object */ = {
			isa = PBXProject;
			attributes = {
				BuildIndependentTargetsInParallel = 1;
				LastSwiftUpdateCheck = 1420;
				LastUpgradeCheck = 1420;
				TargetAttributes = {
					4A4B23AF29DC1EA700939FB1 = {
						CreatedOnToolsVersion = 14.2;
					};
				};
			};
			buildConfigurationList = 4A4B23AB29DC1EA600939FB1 /* Build configuration list for PBXProject "To_do" */;
			compatibilityVersion = "Xcode 14.0";
			developmentRegion = en;
			hasScannedForEncodings = 0;
			knownRegions = (
				en,
				Base,
			);
			mainGroup = 4A4B23A729DC1EA600939FB1;
			packageReferences = (
			);
			productRefGroup = 4A4B23B129DC1EA700939FB1 /* Products */;
			projectDirPath = "";
			projectRoot = "";
			targets = (
				4A4B23AF29DC1EA700939FB1 /* To_do */,
			);
		};
/* End PBXProject section */

/* Begin PBXResourcesBuildPhase section */
		4A4B23AE29DC1EA700939FB1 /* Resources */ = {
			isa = PBXResourcesBuildPhase;
			buildActionMask = 2147483647;
			files = (
				4AC78BCA2A17959F009D91BD /* background_music.mp3 in Resources */,
				4A4B23C029DC1EA800939FB1 /* LaunchScreen.storyboard in Resources */,
				4A4B23CC29DC2CDF00939FB1 /* GoogleService-Info.plist in Resources */,
				4A4B23BD29DC1EA800939FB1 /* Assets.xcassets in Resources */,
				4A4B23BB29DC1EA700939FB1 /* Main.storyboard in Resources */,
			);
			runOnlyForDeploymentPostprocessing = 0;
		};
/* End PBXResourcesBuildPhase section */

/* Begin PBXShellScriptBuildPhase section */
		94723C72BAD029C3FE1D9CFE /* [CP] Check Pods Manifest.lock */ = {
			isa = PBXShellScriptBuildPhase;
			buildActionMask = 2147483647;
			files = (
			);
			inputFileListPaths = (
			);
			inputPaths = (
				"${PODS_PODFILE_DIR_PATH}/Podfile.lock",
				"${PODS_ROOT}/Manifest.lock",
			);
			name = "[CP] Check Pods Manifest.lock";
			outputFileListPaths = (
			);
			outputPaths = (
				"$(DERIVED_FILE_DIR)/Pods-To_do-checkManifestLockResult.txt",
			);
			runOnlyForDeploymentPostprocessing = 0;
			shellPath = /bin/sh;
			shellScript = "diff \"${PODS_PODFILE_DIR_PATH}/Podfile.lock\" \"${PODS_ROOT}/Manifest.lock\" > /dev/null\nif [ $? != 0 ] ; then\n    # print error to STDERR\n    echo \"error: The sandbox is not in sync with the Podfile.lock. Run 'pod install' or update your CocoaPods installation.\" >&2\n    exit 1\nfi\n# This output is used by Xcode 'outputs' to avoid re-running this script phase.\necho \"SUCCESS\" > \"${SCRIPT_OUTPUT_FILE_0}\"\n";
			showEnvVarsInLog = 0;
		};
		EC71B5A6A9CD85F4578E1503 /* [CP] Embed Pods Frameworks */ = {
			isa = PBXShellScriptBuildPhase;
			buildActionMask = 2147483647;
			files = (
			);
			inputFileListPaths = (
				"${PODS_ROOT}/Target Support Files/Pods-To_do/Pods-To_do-frameworks-${CONFIGURATION}-input-files.xcfilelist",
			);
			name = "[CP] Embed Pods Frameworks";
			outputFileListPaths = (
				"${PODS_ROOT}/Target Support Files/Pods-To_do/Pods-To_do-frameworks-${CONFIGURATION}-output-files.xcfilelist",
			);
			runOnlyForDeploymentPostprocessing = 0;
			shellPath = /bin/sh;
			shellScript = "\"${PODS_ROOT}/Target Support Files/Pods-To_do/Pods-To_do-frameworks.sh\"\n";
			showEnvVarsInLog = 0;
		};
/* End PBXShellScriptBuildPhase section */

/* Begin PBXSourcesBuildPhase section */
		4A4B23AC29DC1EA700939FB1 /* Sources */ = {
			isa = PBXSourcesBuildPhase;
			buildActionMask = 2147483647;
			files = (
				4A4B23CA29DC2AFB00939FB1 /* CreateAccountViewController.swift in Sources */,
				4ACFEBB129F2B06400852247 /* StatusChangeViewController.swift in Sources */,
				4A1A475629E8000800F16992 /* ToDoTableViewController.swift in Sources */,
				4A1A475A29EE76AD00F16992 /* ToDoCell.swift in Sources */,
				4A1A475C29EE93B100F16992 /* Extensions.swift in Sources */,
				4A4B23C829DC298000939FB1 /* LoginViewController.swift in Sources */,
				4A111E9129F03A1600D424C5 /* EncodableExtension.swift in Sources */,
				4A4B23B829DC1EA700939FB1 /* ViewController.swift in Sources */,
				4A1294D929F966230006FD10 /* StatusChangeViewModel.swift in Sources */,
				4A4B23B429DC1EA700939FB1 /* AppDelegate.swift in Sources */,
				4A111E8B29F0253B00D424C5 /* UserTasks.swift in Sources */,
				4A111E8D29F0291400D424C5 /* ToDoTableViewModel.swift in Sources */,
				4A1A475E29EEB02800F16992 /* CreateToDoViewController.swift in Sources */,
				4A111E8F29F0354900D424C5 /* CreateToDoViewModel.swift in Sources */,
				4A4B23B629DC1EA700939FB1 /* SceneDelegate.swift in Sources */,
			);
			runOnlyForDeploymentPostprocessing = 0;
		};
/* End PBXSourcesBuildPhase section */

/* Begin PBXVariantGroup section */
		4A4B23B929DC1EA700939FB1 /* Main.storyboard */ = {
			isa = PBXVariantGroup;
			children = (
				4A4B23BA29DC1EA700939FB1 /* Base */,
			);
			name = Main.storyboard;
			sourceTree = "<group>";
		};
		4A4B23BE29DC1EA800939FB1 /* LaunchScreen.storyboard */ = {
			isa = PBXVariantGroup;
			children = (
				4A4B23BF29DC1EA800939FB1 /* Base */,
			);
			name = LaunchScreen.storyboard;
			sourceTree = "<group>";
		};
/* End PBXVariantGroup section */

/* Begin XCBuildConfiguration section */
		4A4B23C229DC1EA800939FB1 /* Debug */ = {
			isa = XCBuildConfiguration;
			buildSettings = {
				ALWAYS_SEARCH_USER_PATHS = NO;
				CLANG_ANALYZER_NONNULL = YES;
				CLANG_ANALYZER_NUMBER_OBJECT_CONVERSION = YES_AGGRESSIVE;
				CLANG_CXX_LANGUAGE_STANDARD = "gnu++20";
				CLANG_ENABLE_MODULES = YES;
				CLANG_ENABLE_OBJC_ARC = YES;
				CLANG_ENABLE_OBJC_WEAK = YES;
				CLANG_WARN_BLOCK_CAPTURE_AUTORELEASING = YES;
				CLANG_WARN_BOOL_CONVERSION = YES;
				CLANG_WARN_COMMA = YES;
				CLANG_WARN_CONSTANT_CONVERSION = YES;
				CLANG_WARN_DEPRECATED_OBJC_IMPLEMENTATIONS = YES;
				CLANG_WARN_DIRECT_OBJC_ISA_USAGE = YES_ERROR;
				CLANG_WARN_DOCUMENTATION_COMMENTS = YES;
				CLANG_WARN_EMPTY_BODY = YES;
				CLANG_WARN_ENUM_CONVERSION = YES;
				CLANG_WARN_INFINITE_RECURSION = YES;
				CLANG_WARN_INT_CONVERSION = YES;
				CLANG_WARN_NON_LITERAL_NULL_CONVERSION = YES;
				CLANG_WARN_OBJC_IMPLICIT_RETAIN_SELF = YES;
				CLANG_WARN_OBJC_LITERAL_CONVERSION = YES;
				CLANG_WARN_OBJC_ROOT_CLASS = YES_ERROR;
				CLANG_WARN_QUOTED_INCLUDE_IN_FRAMEWORK_HEADER = YES;
				CLANG_WARN_RANGE_LOOP_ANALYSIS = YES;
				CLANG_WARN_STRICT_PROTOTYPES = YES;
				CLANG_WARN_SUSPICIOUS_MOVE = YES;
				CLANG_WARN_UNGUARDED_AVAILABILITY = YES_AGGRESSIVE;
				CLANG_WARN_UNREACHABLE_CODE = YES;
				CLANG_WARN__DUPLICATE_METHOD_MATCH = YES;
				COPY_PHASE_STRIP = NO;
				DEBUG_INFORMATION_FORMAT = dwarf;
				ENABLE_STRICT_OBJC_MSGSEND = YES;
				ENABLE_TESTABILITY = YES;
				GCC_C_LANGUAGE_STANDARD = gnu11;
				GCC_DYNAMIC_NO_PIC = NO;
				GCC_NO_COMMON_BLOCKS = YES;
				GCC_OPTIMIZATION_LEVEL = 0;
				GCC_PREPROCESSOR_DEFINITIONS = (
					"DEBUG=1",
					"$(inherited)",
				);
				GCC_WARN_64_TO_32_BIT_CONVERSION = YES;
				GCC_WARN_ABOUT_RETURN_TYPE = YES_ERROR;
				GCC_WARN_UNDECLARED_SELECTOR = YES;
				GCC_WARN_UNINITIALIZED_AUTOS = YES_AGGRESSIVE;
				GCC_WARN_UNUSED_FUNCTION = YES;
				GCC_WARN_UNUSED_VARIABLE = YES;
				IPHONEOS_DEPLOYMENT_TARGET = 16.2;
				MTL_ENABLE_DEBUG_INFO = INCLUDE_SOURCE;
				MTL_FAST_MATH = YES;
				ONLY_ACTIVE_ARCH = YES;
				SDKROOT = iphoneos;
				SWIFT_ACTIVE_COMPILATION_CONDITIONS = DEBUG;
				SWIFT_OPTIMIZATION_LEVEL = "-Onone";
			};
			name = Debug;
		};
		4A4B23C329DC1EA800939FB1 /* Release */ = {
			isa = XCBuildConfiguration;
			buildSettings = {
				ALWAYS_SEARCH_USER_PATHS = NO;
				CLANG_ANALYZER_NONNULL = YES;
				CLANG_ANALYZER_NUMBER_OBJECT_CONVERSION = YES_AGGRESSIVE;
				CLANG_CXX_LANGUAGE_STANDARD = "gnu++20";
				CLANG_ENABLE_MODULES = YES;
				CLANG_ENABLE_OBJC_ARC = YES;
				CLANG_ENABLE_OBJC_WEAK = YES;
				CLANG_WARN_BLOCK_CAPTURE_AUTORELEASING = YES;
				CLANG_WARN_BOOL_CONVERSION = YES;
				CLANG_WARN_COMMA = YES;
				CLANG_WARN_CONSTANT_CONVERSION = YES;
				CLANG_WARN_DEPRECATED_OBJC_IMPLEMENTATIONS = YES;
				CLANG_WARN_DIRECT_OBJC_ISA_USAGE = YES_ERROR;
				CLANG_WARN_DOCUMENTATION_COMMENTS = YES;
				CLANG_WARN_EMPTY_BODY = YES;
				CLANG_WARN_ENUM_CONVERSION = YES;
				CLANG_WARN_INFINITE_RECURSION = YES;
				CLANG_WARN_INT_CONVERSION = YES;
				CLANG_WARN_NON_LITERAL_NULL_CONVERSION = YES;
				CLANG_WARN_OBJC_IMPLICIT_RETAIN_SELF = YES;
				CLANG_WARN_OBJC_LITERAL_CONVERSION = YES;
				CLANG_WARN_OBJC_ROOT_CLASS = YES_ERROR;
				CLANG_WARN_QUOTED_INCLUDE_IN_FRAMEWORK_HEADER = YES;
				CLANG_WARN_RANGE_LOOP_ANALYSIS = YES;
				CLANG_WARN_STRICT_PROTOTYPES = YES;
				CLANG_WARN_SUSPICIOUS_MOVE = YES;
				CLANG_WARN_UNGUARDED_AVAILABILITY = YES_AGGRESSIVE;
				CLANG_WARN_UNREACHABLE_CODE = YES;
				CLANG_WARN__DUPLICATE_METHOD_MATCH = YES;
				COPY_PHASE_STRIP = NO;
				DEBUG_INFORMATION_FORMAT = "dwarf-with-dsym";
				ENABLE_NS_ASSERTIONS = NO;
				ENABLE_STRICT_OBJC_MSGSEND = YES;
				GCC_C_LANGUAGE_STANDARD = gnu11;
				GCC_NO_COMMON_BLOCKS = YES;
				GCC_WARN_64_TO_32_BIT_CONVERSION = YES;
				GCC_WARN_ABOUT_RETURN_TYPE = YES_ERROR;
				GCC_WARN_UNDECLARED_SELECTOR = YES;
				GCC_WARN_UNINITIALIZED_AUTOS = YES_AGGRESSIVE;
				GCC_WARN_UNUSED_FUNCTION = YES;
				GCC_WARN_UNUSED_VARIABLE = YES;
				IPHONEOS_DEPLOYMENT_TARGET = 16.2;
				MTL_ENABLE_DEBUG_INFO = NO;
				MTL_FAST_MATH = YES;
				SDKROOT = iphoneos;
				SWIFT_COMPILATION_MODE = wholemodule;
				SWIFT_OPTIMIZATION_LEVEL = "-O";
				VALIDATE_PRODUCT = YES;
			};
			name = Release;
		};
		4A4B23C529DC1EA800939FB1 /* Debug */ = {
			isa = XCBuildConfiguration;
			baseConfigurationReference = FBD262FC80AE895A094BE4AC /* Pods-To_do.debug.xcconfig */;
			buildSettings = {
				ASSETCATALOG_COMPILER_APPICON_NAME = AppIcon;
				ASSETCATALOG_COMPILER_GLOBAL_ACCENT_COLOR_NAME = AccentColor;
				CODE_SIGN_STYLE = Automatic;
				CURRENT_PROJECT_VERSION = 1;
				GENERATE_INFOPLIST_FILE = YES;
				INFOPLIST_FILE = To_do/Info.plist;
				INFOPLIST_KEY_UIApplicationSupportsIndirectInputEvents = YES;
				INFOPLIST_KEY_UILaunchStoryboardName = LaunchScreen;
				INFOPLIST_KEY_UIMainStoryboardFile = Main;
				INFOPLIST_KEY_UISupportedInterfaceOrientations_iPad = "UIInterfaceOrientationPortrait UIInterfaceOrientationPortraitUpsideDown UIInterfaceOrientationLandscapeLeft UIInterfaceOrientationLandscapeRight";
				INFOPLIST_KEY_UISupportedInterfaceOrientations_iPhone = "UIInterfaceOrientationPortrait UIInterfaceOrientationLandscapeLeft UIInterfaceOrientationLandscapeRight";
				LD_RUNPATH_SEARCH_PATHS = (
					"$(inherited)",
					"@executable_path/Frameworks",
				);
				MARKETING_VERSION = 1.0;
				PRODUCT_BUNDLE_IDENTIFIER = "com.unibuc.project2023.To-do";
				PRODUCT_NAME = "$(TARGET_NAME)";
				SWIFT_EMIT_LOC_STRINGS = YES;
				SWIFT_VERSION = 5.0;
				TARGETED_DEVICE_FAMILY = "1,2";
			};
			name = Debug;
		};
		4A4B23C629DC1EA800939FB1 /* Release */ = {
			isa = XCBuildConfiguration;
			baseConfigurationReference = 98636701319EE67282C19C2D /* Pods-To_do.release.xcconfig */;
			buildSettings = {
				ASSETCATALOG_COMPILER_APPICON_NAME = AppIcon;
				ASSETCATALOG_COMPILER_GLOBAL_ACCENT_COLOR_NAME = AccentColor;
				CODE_SIGN_STYLE = Automatic;
				CURRENT_PROJECT_VERSION = 1;
				GENERATE_INFOPLIST_FILE = YES;
				INFOPLIST_FILE = To_do/Info.plist;
				INFOPLIST_KEY_UIApplicationSupportsIndirectInputEvents = YES;
				INFOPLIST_KEY_UILaunchStoryboardName = LaunchScreen;
				INFOPLIST_KEY_UIMainStoryboardFile = Main;
				INFOPLIST_KEY_UISupportedInterfaceOrientations_iPad = "UIInterfaceOrientationPortrait UIInterfaceOrientationPortraitUpsideDown UIInterfaceOrientationLandscapeLeft UIInterfaceOrientationLandscapeRight";
				INFOPLIST_KEY_UISupportedInterfaceOrientations_iPhone = "UIInterfaceOrientationPortrait UIInterfaceOrientationLandscapeLeft UIInterfaceOrientationLandscapeRight";
				LD_RUNPATH_SEARCH_PATHS = (
					"$(inherited)",
					"@executable_path/Frameworks",
				);
				MARKETING_VERSION = 1.0;
				PRODUCT_BUNDLE_IDENTIFIER = "com.unibuc.project2023.To-do";
				PRODUCT_NAME = "$(TARGET_NAME)";
				SWIFT_EMIT_LOC_STRINGS = YES;
				SWIFT_VERSION = 5.0;
				TARGETED_DEVICE_FAMILY = "1,2";
			};
			name = Release;
		};
/* End XCBuildConfiguration section */

/* Begin XCConfigurationList section */
		4A4B23AB29DC1EA600939FB1 /* Build configuration list for PBXProject "To_do" */ = {
			isa = XCConfigurationList;
			buildConfigurations = (
				4A4B23C229DC1EA800939FB1 /* Debug */,
				4A4B23C329DC1EA800939FB1 /* Release */,
			);
			defaultConfigurationIsVisible = 0;
			defaultConfigurationName = Release;
		};
		4A4B23C429DC1EA800939FB1 /* Build configuration list for PBXNativeTarget "To_do" */ = {
			isa = XCConfigurationList;
			buildConfigurations = (
				4A4B23C529DC1EA800939FB1 /* Debug */,
				4A4B23C629DC1EA800939FB1 /* Release */,
			);
			defaultConfigurationIsVisible = 0;
			defaultConfigurationName = Release;
		};
/* End XCConfigurationList section */
	};
	rootObject = 4A4B23A829DC1EA600939FB1 /* Project object */;
}
